{
  "version": 4,
  "terraform_version": "0.15.4",
  "serial": 51,
  "lineage": "7c8e870d-216f-7433-7b8d-dc409f2b5952",
  "outputs": {},
  "resources": [
    {
      "mode": "data",
      "type": "azurerm_resource_group",
      "name": "rg",
      "provider": "provider[\"registry.terraform.io/hashicorp/azurerm\"]",
      "instances": [
        {
          "schema_version": 0,
          "attributes": {
            "id": "/subscriptions/cecae6d9-5001-4d80-b8cf-615d7bb3ed95/resourceGroups/my-resources1",
            "location": "eastus",
            "name": "my-resources1",
            "tags": {},
            "timeouts": null
          },
          "sensitive_attributes": []
        }
      ]
    },
    {
      "mode": "data",
      "type": "azurerm_subnet",
      "name": "subnet",
      "provider": "provider[\"registry.terraform.io/hashicorp/azurerm\"]",
      "instances": [
        {
          "schema_version": 0,
          "attributes": {
            "address_prefix": "20.0.0.0/24",
            "address_prefixes": [
              "20.0.0.0/24"
            ],
            "enforce_private_link_endpoint_network_policies": false,
            "enforce_private_link_service_network_policies": false,
            "id": "/subscriptions/cecae6d9-5001-4d80-b8cf-615d7bb3ed95/resourceGroups/my-resources1/providers/Microsoft.Network/virtualNetworks/spoke1-vnet/subnets/spoke1-subnet",
            "name": "spoke1-subnet",
            "network_security_group_id": "",
            "resource_group_name": "my-resources1",
            "route_table_id": "/subscriptions/cecae6d9-5001-4d80-b8cf-615d7bb3ed95/resourceGroups/my-resources1/providers/Microsoft.Network/routeTables/routetable2",
            "service_endpoints": [],
            "timeouts": null,
            "virtual_network_name": "spoke1-vnet"
          },
          "sensitive_attributes": []
        }
      ]
    },
    {
      "mode": "data",
      "type": "azurerm_virtual_network",
      "name": "vnet",
      "provider": "provider[\"registry.terraform.io/hashicorp/azurerm\"]",
      "instances": [
        {
          "schema_version": 0,
          "attributes": {
            "address_space": [
              "20.0.0.0/16"
            ],
            "dns_servers": [],
            "guid": "bbe7e374-99d2-45b0-960c-7183bb247dc6",
            "id": "/subscriptions/cecae6d9-5001-4d80-b8cf-615d7bb3ed95/resourceGroups/my-resources1/providers/Microsoft.Network/virtualNetworks/spoke1-vnet",
            "location": "eastus",
            "name": "spoke1-vnet",
            "resource_group_name": "my-resources1",
            "subnets": [
              "spoke1-subnet"
            ],
            "timeouts": null,
            "vnet_peerings": {
              "peering-from-spoke1-vnet-To-Hub-vnet": "/subscriptions/cecae6d9-5001-4d80-b8cf-615d7bb3ed95/resourceGroups/my-resources1/providers/Microsoft.Network/virtualNetworks/hub-vnet"
            }
          },
          "sensitive_attributes": []
        }
      ]
    },
    {
      "mode": "managed",
      "type": "azurerm_network_interface",
      "name": "vm-nic",
      "provider": "provider[\"registry.terraform.io/hashicorp/azurerm\"]",
      "instances": [
        {
          "index_key": "wksp1",
          "schema_version": 0,
          "attributes": {
            "applied_dns_servers": [],
            "dns_servers": [],
            "enable_accelerated_networking": false,
            "enable_ip_forwarding": false,
            "id": "/subscriptions/cecae6d9-5001-4d80-b8cf-615d7bb3ed95/resourceGroups/my-resources1/providers/Microsoft.Network/networkInterfaces/wksp1",
            "internal_dns_name_label": "",
            "internal_domain_name_suffix": "otr4po4stgyelfqmogb1wjd3yg.bx.internal.cloudapp.net",
            "ip_configuration": [
              {
                "gateway_load_balancer_frontend_ip_configuration_id": "",
                "name": "internal",
                "primary": true,
                "private_ip_address": "20.0.0.4",
                "private_ip_address_allocation": "Dynamic",
                "private_ip_address_version": "IPv4",
                "public_ip_address_id": "",
                "subnet_id": "/subscriptions/cecae6d9-5001-4d80-b8cf-615d7bb3ed95/resourceGroups/my-resources1/providers/Microsoft.Network/virtualNetworks/spoke1-vnet/subnets/spoke1-subnet"
              }
            ],
            "location": "eastus",
            "mac_address": "",
            "name": "wksp1",
            "private_ip_address": "20.0.0.4",
            "private_ip_addresses": [
              "20.0.0.4"
            ],
            "resource_group_name": "my-resources1",
            "tags": null,
            "timeouts": null,
            "virtual_machine_id": ""
          },
          "sensitive_attributes": [],
          "private": "eyJlMmJmYjczMC1lY2FhLTExZTYtOGY4OC0zNDM2M2JjN2M0YzAiOnsiY3JlYXRlIjoxODAwMDAwMDAwMDAwLCJkZWxldGUiOjE4MDAwMDAwMDAwMDAsInJlYWQiOjMwMDAwMDAwMDAwMCwidXBkYXRlIjoxODAwMDAwMDAwMDAwfX0=",
          "dependencies": [
            "data.azurerm_resource_group.rg",
            "data.azurerm_subnet.subnet"
          ]
        },
        {
          "index_key": "wksp2",
          "schema_version": 0,
          "attributes": {
            "applied_dns_servers": [],
            "dns_servers": [],
            "enable_accelerated_networking": false,
            "enable_ip_forwarding": false,
            "id": "/subscriptions/cecae6d9-5001-4d80-b8cf-615d7bb3ed95/resourceGroups/my-resources1/providers/Microsoft.Network/networkInterfaces/wksp2",
            "internal_dns_name_label": "",
            "internal_domain_name_suffix": "otr4po4stgyelfqmogb1wjd3yg.bx.internal.cloudapp.net",
            "ip_configuration": [
              {
                "gateway_load_balancer_frontend_ip_configuration_id": "",
                "name": "internal",
                "primary": true,
                "private_ip_address": "20.0.0.5",
                "private_ip_address_allocation": "Dynamic",
                "private_ip_address_version": "IPv4",
                "public_ip_address_id": "",
                "subnet_id": "/subscriptions/cecae6d9-5001-4d80-b8cf-615d7bb3ed95/resourceGroups/my-resources1/providers/Microsoft.Network/virtualNetworks/spoke1-vnet/subnets/spoke1-subnet"
              }
            ],
            "location": "eastus",
            "mac_address": "",
            "name": "wksp2",
            "private_ip_address": "20.0.0.5",
            "private_ip_addresses": [
              "20.0.0.5"
            ],
            "resource_group_name": "my-resources1",
            "tags": null,
            "timeouts": null,
            "virtual_machine_id": ""
          },
          "sensitive_attributes": [],
          "private": "eyJlMmJmYjczMC1lY2FhLTExZTYtOGY4OC0zNDM2M2JjN2M0YzAiOnsiY3JlYXRlIjoxODAwMDAwMDAwMDAwLCJkZWxldGUiOjE4MDAwMDAwMDAwMDAsInJlYWQiOjMwMDAwMDAwMDAwMCwidXBkYXRlIjoxODAwMDAwMDAwMDAwfX0=",
          "dependencies": [
            "data.azurerm_resource_group.rg",
            "data.azurerm_subnet.subnet"
          ]
        }
      ]
    },
    {
      "mode": "managed",
      "type": "azurerm_windows_virtual_machine",
      "name": "vm",
      "provider": "provider[\"registry.terraform.io/hashicorp/azurerm\"]",
      "instances": [
        {
          "index_key": "wksp1",
          "schema_version": 0,
          "attributes": {
            "additional_capabilities": [],
            "additional_unattend_content": [],
            "admin_password": "P@ssw0rd@123",
            "admin_username": "azuser",
            "allow_extension_operations": true,
            "availability_set_id": "",
            "boot_diagnostics": [],
            "computer_name": "windowsvm1",
            "custom_data": null,
            "dedicated_host_id": "",
            "enable_automatic_updates": true,
            "encryption_at_host_enabled": false,
            "eviction_policy": "",
            "extensions_time_budget": "PT1H30M",
            "id": "/subscriptions/cecae6d9-5001-4d80-b8cf-615d7bb3ed95/resourceGroups/my-resources1/providers/Microsoft.Compute/virtualMachines/windowsvm1",
            "identity": [],
            "license_type": "",
            "location": "eastus",
            "max_bid_price": -1,
            "name": "windowsvm1",
            "network_interface_ids": [
              "/subscriptions/cecae6d9-5001-4d80-b8cf-615d7bb3ed95/resourceGroups/my-resources1/providers/Microsoft.Network/networkInterfaces/wksp1"
            ],
            "os_disk": [
              {
                "caching": "ReadWrite",
                "diff_disk_settings": [],
                "disk_encryption_set_id": "",
                "disk_size_gb": 127,
                "name": "windowsvm1_OsDisk_1_36e5db10d46f4513b70270c20ea9c65e",
                "storage_account_type": "Standard_LRS",
                "write_accelerator_enabled": false
              }
            ],
            "patch_mode": "AutomaticByOS",
            "plan": [],
            "platform_fault_domain": -1,
            "priority": "Regular",
            "private_ip_address": "20.0.0.4",
            "private_ip_addresses": [
              "20.0.0.4"
            ],
            "provision_vm_agent": true,
            "proximity_placement_group_id": "",
            "public_ip_address": "",
            "public_ip_addresses": [],
            "resource_group_name": "my-resources1",
            "secret": [],
            "secure_boot_enabled": false,
            "size": "Standard_D2_v3",
            "source_image_id": "",
            "source_image_reference": [
              {
                "offer": "WindowsServer",
                "publisher": "MicrosoftWindowsServer",
                "sku": "2016-Datacenter",
                "version": "latest"
              }
            ],
            "tags": null,
            "timeouts": null,
            "timezone": "",
            "virtual_machine_id": "cf79487e-7049-4fe5-baca-14dc40855e48",
            "virtual_machine_scale_set_id": "",
            "vtpm_enabled": false,
            "winrm_listener": [],
            "zone": ""
          },
          "sensitive_attributes": [],
          "private": "eyJlMmJmYjczMC1lY2FhLTExZTYtOGY4OC0zNDM2M2JjN2M0YzAiOnsiY3JlYXRlIjoyNzAwMDAwMDAwMDAwLCJkZWxldGUiOjI3MDAwMDAwMDAwMDAsInJlYWQiOjMwMDAwMDAwMDAwMCwidXBkYXRlIjoyNzAwMDAwMDAwMDAwfX0=",
          "dependencies": [
            "azurerm_network_interface.vm-nic",
            "data.azurerm_resource_group.rg",
            "data.azurerm_subnet.subnet"
          ]
        },
        {
          "index_key": "wksp2",
          "schema_version": 0,
          "attributes": {
            "additional_capabilities": [],
            "additional_unattend_content": [],
            "admin_password": "P@ssw0rd@123",
            "admin_username": "azuser",
            "allow_extension_operations": true,
            "availability_set_id": "",
            "boot_diagnostics": [],
            "computer_name": "windowsvm2",
            "custom_data": null,
            "dedicated_host_id": "",
            "enable_automatic_updates": true,
            "encryption_at_host_enabled": false,
            "eviction_policy": "",
            "extensions_time_budget": "PT1H30M",
            "id": "/subscriptions/cecae6d9-5001-4d80-b8cf-615d7bb3ed95/resourceGroups/my-resources1/providers/Microsoft.Compute/virtualMachines/windowsvm2",
            "identity": [],
            "license_type": "",
            "location": "eastus",
            "max_bid_price": -1,
            "name": "windowsvm2",
            "network_interface_ids": [
              "/subscriptions/cecae6d9-5001-4d80-b8cf-615d7bb3ed95/resourceGroups/my-resources1/providers/Microsoft.Network/networkInterfaces/wksp2"
            ],
            "os_disk": [
              {
                "caching": "ReadWrite",
                "diff_disk_settings": [],
                "disk_encryption_set_id": "",
                "disk_size_gb": 127,
                "name": "windowsvm2_OsDisk_1_7d688cc17496421bbc2c209f7b19dbe9",
                "storage_account_type": "Standard_LRS",
                "write_accelerator_enabled": false
              }
            ],
            "patch_mode": "AutomaticByOS",
            "plan": [],
            "platform_fault_domain": -1,
            "priority": "Regular",
            "private_ip_address": "20.0.0.5",
            "private_ip_addresses": [
              "20.0.0.5"
            ],
            "provision_vm_agent": true,
            "proximity_placement_group_id": "",
            "public_ip_address": "",
            "public_ip_addresses": [],
            "resource_group_name": "my-resources1",
            "secret": [],
            "secure_boot_enabled": false,
            "size": "Standard_D2_v5",
            "source_image_id": "",
            "source_image_reference": [
              {
                "offer": "WindowsServer",
                "publisher": "MicrosoftWindowsServer",
                "sku": "2016-Datacenter",
                "version": "latest"
              }
            ],
            "tags": null,
            "timeouts": null,
            "timezone": "",
            "virtual_machine_id": "07bc6a7c-14e5-42b3-8179-cf9faee80a46",
            "virtual_machine_scale_set_id": "",
            "vtpm_enabled": false,
            "winrm_listener": [],
            "zone": ""
          },
          "sensitive_attributes": [],
          "private": "eyJlMmJmYjczMC1lY2FhLTExZTYtOGY4OC0zNDM2M2JjN2M0YzAiOnsiY3JlYXRlIjoyNzAwMDAwMDAwMDAwLCJkZWxldGUiOjI3MDAwMDAwMDAwMDAsInJlYWQiOjMwMDAwMDAwMDAwMCwidXBkYXRlIjoyNzAwMDAwMDAwMDAwfX0=",
          "dependencies": [
            "azurerm_network_interface.vm-nic",
            "data.azurerm_resource_group.rg",
            "data.azurerm_subnet.subnet"
          ]
        }
      ]
    }
  ]
}
